// !$*UTF8*$!
{
	archiveVersion = 1;
	classes = {
	};
	objectVersion = 46;
	objects = {

/* Begin PBXBuildFile section */
		3AA3CFBC16C248CC0043F058 /* UIKit.framework in Frameworks */ = {isa = PBXBuildFile; fileRef = 3AA3CFBB16C248CC0043F058 /* UIKit.framework */; };
		3AA3CFBE16C248CC0043F058 /* Foundation.framework in Frameworks */ = {isa = PBXBuildFile; fileRef = 3AA3CFBD16C248CC0043F058 /* Foundation.framework */; };
		3AA3CFC016C248CC0043F058 /* CoreGraphics.framework in Frameworks */ = {isa = PBXBuildFile; fileRef = 3AA3CFBF16C248CC0043F058 /* CoreGraphics.framework */; };
		3AA3CFC616C248CC0043F058 /* InfoPlist.strings in Resources */ = {isa = PBXBuildFile; fileRef = 3AA3CFC416C248CC0043F058 /* InfoPlist.strings */; };
		3AA3CFC816C248CC0043F058 /* main.m in Sources */ = {isa = PBXBuildFile; fileRef = 3AA3CFC716C248CC0043F058 /* main.m */; };
		3AA3CFCC16C248CC0043F058 /* BRAppDelegate.m in Sources */ = {isa = PBXBuildFile; fileRef = 3AA3CFCB16C248CC0043F058 /* BRAppDelegate.m */; };
		3AA3CFCE16C248CC0043F058 /* Default.png in Resources */ = {isa = PBXBuildFile; fileRef = 3AA3CFCD16C248CC0043F058 /* Default.png */; };
		3AA3CFD016C248CC0043F058 /* Default@2x.png in Resources */ = {isa = PBXBuildFile; fileRef = 3AA3CFCF16C248CC0043F058 /* Default@2x.png */; };
		3AA3CFD216C248CC0043F058 /* Default-568h@2x.png in Resources */ = {isa = PBXBuildFile; fileRef = 3AA3CFD116C248CC0043F058 /* Default-568h@2x.png */; };
		3AA3CFD516C248CC0043F058 /* MainStoryboard_iPhone.storyboard in Resources */ = {isa = PBXBuildFile; fileRef = 3AA3CFD316C248CC0043F058 /* MainStoryboard_iPhone.storyboard */; };
		3AA3CFDB16C248CC0043F058 /* BRViewController.m in Sources */ = {isa = PBXBuildFile; fileRef = 3AA3CFDA16C248CC0043F058 /* BRViewController.m */; };
		3AA3CFE316C248CC0043F058 /* SenTestingKit.framework in Frameworks */ = {isa = PBXBuildFile; fileRef = 3AA3CFE216C248CC0043F058 /* SenTestingKit.framework */; };
		3AA3CFE416C248CC0043F058 /* UIKit.framework in Frameworks */ = {isa = PBXBuildFile; fileRef = 3AA3CFBB16C248CC0043F058 /* UIKit.framework */; };
		3AA3CFE516C248CC0043F058 /* Foundation.framework in Frameworks */ = {isa = PBXBuildFile; fileRef = 3AA3CFBD16C248CC0043F058 /* Foundation.framework */; };
		3AA3CFED16C248CC0043F058 /* InfoPlist.strings in Resources */ = {isa = PBXBuildFile; fileRef = 3AA3CFEB16C248CC0043F058 /* InfoPlist.strings */; };
		3AA3CFF016C248CC0043F058 /* BRBluetoothManagerTests.m in Sources */ = {isa = PBXBuildFile; fileRef = 3AA3CFEF16C248CC0043F058 /* BRBluetoothManagerTests.m */; };
		3AA3CFFB16C249000043F058 /* BRBluetoothManager.m in Sources */ = {isa = PBXBuildFile; fileRef = 3AA3CFFA16C249000043F058 /* BRBluetoothManager.m */; };
		3AA3CFFD16C249330043F058 /* GameKit.framework in Frameworks */ = {isa = PBXBuildFile; fileRef = 3AA3CFFC16C249330043F058 /* GameKit.framework */; };
		3AA3D00016C3945C0043F058 /* BRDebugUtilities.m in Sources */ = {isa = PBXBuildFile; fileRef = 3AA3CFFF16C3945C0043F058 /* BRDebugUtilities.m */; };
/* End PBXBuildFile section */

/* Begin PBXContainerItemProxy section */
		3AA3CFE616C248CC0043F058 /* PBXContainerItemProxy */ = {
			isa = PBXContainerItemProxy;
			containerPortal = 3AA3CFB016C248CB0043F058 /* Project object */;
			proxyType = 1;
			remoteGlobalIDString = 3AA3CFB716C248CC0043F058;
			remoteInfo = BRBluetoothManager;
		};
/* End PBXContainerItemProxy section */

/* Begin PBXFileReference section */
		3AA3CFB816C248CC0043F058 /* BRBluetoothManager.app */ = {isa = PBXFileReference; explicitFileType = wrapper.application; includeInIndex = 0; path = BRBluetoothManager.app; sourceTree = BUILT_PRODUCTS_DIR; };
		3AA3CFBB16C248CC0043F058 /* UIKit.framework */ = {isa = PBXFileReference; lastKnownFileType = wrapper.framework; name = UIKit.framework; path = System/Library/Frameworks/UIKit.framework; sourceTree = SDKROOT; };
		3AA3CFBD16C248CC0043F058 /* Foundation.framework */ = {isa = PBXFileReference; lastKnownFileType = wrapper.framework; name = Foundation.framework; path = System/Library/Frameworks/Foundation.framework; sourceTree = SDKROOT; };
		3AA3CFBF16C248CC0043F058 /* CoreGraphics.framework */ = {isa = PBXFileReference; lastKnownFileType = wrapper.framework; name = CoreGraphics.framework; path = System/Library/Frameworks/CoreGraphics.framework; sourceTree = SDKROOT; };
		3AA3CFC316C248CC0043F058 /* BRBluetoothManager-Info.plist */ = {isa = PBXFileReference; lastKnownFileType = text.plist.xml; path = "BRBluetoothManager-Info.plist"; sourceTree = "<group>"; };
		3AA3CFC516C248CC0043F058 /* en */ = {isa = PBXFileReference; lastKnownFileType = text.plist.strings; name = en; path = en.lproj/InfoPlist.strings; sourceTree = "<group>"; };
		3AA3CFC716C248CC0043F058 /* main.m */ = {isa = PBXFileReference; lastKnownFileType = sourcecode.c.objc; path = main.m; sourceTree = "<group>"; };
		3AA3CFC916C248CC0043F058 /* BRBluetoothManager-Prefix.pch */ = {isa = PBXFileReference; lastKnownFileType = sourcecode.c.h; path = "BRBluetoothManager-Prefix.pch"; sourceTree = "<group>"; };
		3AA3CFCA16C248CC0043F058 /* BRAppDelegate.h */ = {isa = PBXFileReference; lastKnownFileType = sourcecode.c.h; path = BRAppDelegate.h; sourceTree = "<group>"; };
		3AA3CFCB16C248CC0043F058 /* BRAppDelegate.m */ = {isa = PBXFileReference; lastKnownFileType = sourcecode.c.objc; path = BRAppDelegate.m; sourceTree = "<group>"; };
		3AA3CFCD16C248CC0043F058 /* Default.png */ = {isa = PBXFileReference; lastKnownFileType = image.png; path = Default.png; sourceTree = "<group>"; };
		3AA3CFCF16C248CC0043F058 /* Default@2x.png */ = {isa = PBXFileReference; lastKnownFileType = image.png; path = "Default@2x.png"; sourceTree = "<group>"; };
		3AA3CFD116C248CC0043F058 /* Default-568h@2x.png */ = {isa = PBXFileReference; lastKnownFileType = image.png; path = "Default-568h@2x.png"; sourceTree = "<group>"; };
		3AA3CFD416C248CC0043F058 /* en */ = {isa = PBXFileReference; lastKnownFileType = file.storyboard; name = en; path = en.lproj/MainStoryboard_iPhone.storyboard; sourceTree = "<group>"; };
		3AA3CFD916C248CC0043F058 /* BRViewController.h */ = {isa = PBXFileReference; lastKnownFileType = sourcecode.c.h; path = BRViewController.h; sourceTree = "<group>"; };
		3AA3CFDA16C248CC0043F058 /* BRViewController.m */ = {isa = PBXFileReference; lastKnownFileType = sourcecode.c.objc; path = BRViewController.m; sourceTree = "<group>"; };
		3AA3CFE116C248CC0043F058 /* BRBluetoothManagerTests.octest */ = {isa = PBXFileReference; explicitFileType = wrapper.cfbundle; includeInIndex = 0; path = BRBluetoothManagerTests.octest; sourceTree = BUILT_PRODUCTS_DIR; };
		3AA3CFE216C248CC0043F058 /* SenTestingKit.framework */ = {isa = PBXFileReference; lastKnownFileType = wrapper.framework; name = SenTestingKit.framework; path = Library/Frameworks/SenTestingKit.framework; sourceTree = DEVELOPER_DIR; };
		3AA3CFEA16C248CC0043F058 /* BRBluetoothManagerTests-Info.plist */ = {isa = PBXFileReference; lastKnownFileType = text.plist.xml; path = "BRBluetoothManagerTests-Info.plist"; sourceTree = "<group>"; };
		3AA3CFEC16C248CC0043F058 /* en */ = {isa = PBXFileReference; lastKnownFileType = text.plist.strings; name = en; path = en.lproj/InfoPlist.strings; sourceTree = "<group>"; };
		3AA3CFEE16C248CC0043F058 /* BRBluetoothManagerTests.h */ = {isa = PBXFileReference; lastKnownFileType = sourcecode.c.h; path = BRBluetoothManagerTests.h; sourceTree = "<group>"; };
		3AA3CFEF16C248CC0043F058 /* BRBluetoothManagerTests.m */ = {isa = PBXFileReference; lastKnownFileType = sourcecode.c.objc; path = BRBluetoothManagerTests.m; sourceTree = "<group>"; };
		3AA3CFF916C249000043F058 /* BRBluetoothManager.h */ = {isa = PBXFileReference; fileEncoding = 4; lastKnownFileType = sourcecode.c.h; path = BRBluetoothManager.h; sourceTree = "<group>"; };
		3AA3CFFA16C249000043F058 /* BRBluetoothManager.m */ = {isa = PBXFileReference; fileEncoding = 4; lastKnownFileType = sourcecode.c.objc; path = BRBluetoothManager.m; sourceTree = "<group>"; };
		3AA3CFFC16C249330043F058 /* GameKit.framework */ = {isa = PBXFileReference; lastKnownFileType = wrapper.framework; name = GameKit.framework; path = System/Library/Frameworks/GameKit.framework; sourceTree = SDKROOT; };
		3AA3CFFE16C3945B0043F058 /* BRDebugUtilities.h */ = {isa = PBXFileReference; fileEncoding = 4; lastKnownFileType = sourcecode.c.h; path = BRDebugUtilities.h; sourceTree = "<group>"; };
		3AA3CFFF16C3945C0043F058 /* BRDebugUtilities.m */ = {isa = PBXFileReference; fileEncoding = 4; lastKnownFileType = sourcecode.c.objc; path = BRDebugUtilities.m; sourceTree = "<group>"; };
/* End PBXFileReference section */

/* Begin PBXFrameworksBuildPhase section */
		3AA3CFB516C248CC0043F058 /* Frameworks */ = {
			isa = PBXFrameworksBuildPhase;
			buildActionMask = 2147483647;
			files = (
				3AA3CFFD16C249330043F058 /* GameKit.framework in Frameworks */,
				3AA3CFBC16C248CC0043F058 /* UIKit.framework in Frameworks */,
				3AA3CFBE16C248CC0043F058 /* Foundation.framework in Frameworks */,
				3AA3CFC016C248CC0043F058 /* CoreGraphics.framework in Frameworks */,
			);
			runOnlyForDeploymentPostprocessing = 0;
		};
		3AA3CFDD16C248CC0043F058 /* Frameworks */ = {
			isa = PBXFrameworksBuildPhase;
			buildActionMask = 2147483647;
			files = (
				3AA3CFE316C248CC0043F058 /* SenTestingKit.framework in Frameworks */,
				3AA3CFE416C248CC0043F058 /* UIKit.framework in Frameworks */,
				3AA3CFE516C248CC0043F058 /* Foundation.framework in Frameworks */,
			);
			runOnlyForDeploymentPostprocessing = 0;
		};
/* End PBXFrameworksBuildPhase section */

/* Begin PBXGroup section */
		3AA3CFAF16C248CB0043F058 = {
			isa = PBXGroup;
			children = (
				3AA3CFC116C248CC0043F058 /* BRBluetoothManager */,
				3AA3CFE816C248CC0043F058 /* BRBluetoothManagerTests */,
				3AA3CFBA16C248CC0043F058 /* Frameworks */,
				3AA3CFB916C248CC0043F058 /* Products */,
			);
			sourceTree = "<group>";
		};
		3AA3CFB916C248CC0043F058 /* Products */ = {
			isa = PBXGroup;
			children = (
				3AA3CFB816C248CC0043F058 /* BRBluetoothManager.app */,
				3AA3CFE116C248CC0043F058 /* BRBluetoothManagerTests.octest */,
			);
			name = Products;
			sourceTree = "<group>";
		};
		3AA3CFBA16C248CC0043F058 /* Frameworks */ = {
			isa = PBXGroup;
			children = (
				3AA3CFFC16C249330043F058 /* GameKit.framework */,
				3AA3CFBB16C248CC0043F058 /* UIKit.framework */,
				3AA3CFBD16C248CC0043F058 /* Foundation.framework */,
				3AA3CFBF16C248CC0043F058 /* CoreGraphics.framework */,
				3AA3CFE216C248CC0043F058 /* SenTestingKit.framework */,
			);
			name = Frameworks;
			sourceTree = "<group>";
		};
		3AA3CFC116C248CC0043F058 /* BRBluetoothManager */ = {
			isa = PBXGroup;
			children = (
				3AA3CFCA16C248CC0043F058 /* BRAppDelegate.h */,
				3AA3CFCB16C248CC0043F058 /* BRAppDelegate.m */,
				3AA3CFD316C248CC0043F058 /* MainStoryboard_iPhone.storyboard */,
				3AA3CFD916C248CC0043F058 /* BRViewController.h */,
				3AA3CFDA16C248CC0043F058 /* BRViewController.m */,
				3AA3CFC216C248CC0043F058 /* Supporting Files */,
				3AA3CFF916C249000043F058 /* BRBluetoothManager.h */,
				3AA3CFFA16C249000043F058 /* BRBluetoothManager.m */,
				3AA3CFFE16C3945B0043F058 /* BRDebugUtilities.h */,
				3AA3CFFF16C3945C0043F058 /* BRDebugUtilities.m */,
			);
			path = BRBluetoothManager;
			sourceTree = "<group>";
		};
		3AA3CFC216C248CC0043F058 /* Supporting Files */ = {
			isa = PBXGroup;
			children = (
				3AA3CFC316C248CC0043F058 /* BRBluetoothManager-Info.plist */,
				3AA3CFC416C248CC0043F058 /* InfoPlist.strings */,
				3AA3CFC716C248CC0043F058 /* main.m */,
				3AA3CFC916C248CC0043F058 /* BRBluetoothManager-Prefix.pch */,
				3AA3CFCD16C248CC0043F058 /* Default.png */,
				3AA3CFCF16C248CC0043F058 /* Default@2x.png */,
				3AA3CFD116C248CC0043F058 /* Default-568h@2x.png */,
			);
			name = "Supporting Files";
			sourceTree = "<group>";
		};
		3AA3CFE816C248CC0043F058 /* BRBluetoothManagerTests */ = {
			isa = PBXGroup;
			children = (
				3AA3CFEE16C248CC0043F058 /* BRBluetoothManagerTests.h */,
				3AA3CFEF16C248CC0043F058 /* BRBluetoothManagerTests.m */,
				3AA3CFE916C248CC0043F058 /* Supporting Files */,
			);
			path = BRBluetoothManagerTests;
			sourceTree = "<group>";
		};
		3AA3CFE916C248CC0043F058 /* Supporting Files */ = {
			isa = PBXGroup;
			children = (
				3AA3CFEA16C248CC0043F058 /* BRBluetoothManagerTests-Info.plist */,
				3AA3CFEB16C248CC0043F058 /* InfoPlist.strings */,
			);
			name = "Supporting Files";
			sourceTree = "<group>";
		};
/* End PBXGroup section */

/* Begin PBXNativeTarget section */
		3AA3CFB716C248CC0043F058 /* BRBluetoothManager */ = {
			isa = PBXNativeTarget;
			buildConfigurationList = 3AA3CFF316C248CC0043F058 /* Build configuration list for PBXNativeTarget "BRBluetoothManager" */;
			buildPhases = (
				3AA3CFB416C248CC0043F058 /* Sources */,
				3AA3CFB516C248CC0043F058 /* Frameworks */,
				3AA3CFB616C248CC0043F058 /* Resources */,
			);
			buildRules = (
			);
			dependencies = (
			);
			name = BRBluetoothManager;
			productName = BRBluetoothManager;
			productReference = 3AA3CFB816C248CC0043F058 /* BRBluetoothManager.app */;
			productType = "com.apple.product-type.application";
		};
		3AA3CFE016C248CC0043F058 /* BRBluetoothManagerTests */ = {
			isa = PBXNativeTarget;
			buildConfigurationList = 3AA3CFF616C248CC0043F058 /* Build configuration list for PBXNativeTarget "BRBluetoothManagerTests" */;
			buildPhases = (
				3AA3CFDC16C248CC0043F058 /* Sources */,
				3AA3CFDD16C248CC0043F058 /* Frameworks */,
				3AA3CFDE16C248CC0043F058 /* Resources */,
				3AA3CFDF16C248CC0043F058 /* ShellScript */,
			);
			buildRules = (
			);
			dependencies = (
				3AA3CFE716C248CC0043F058 /* PBXTargetDependency */,
			);
			name = BRBluetoothManagerTests;
			productName = BRBluetoothManagerTests;
			productReference = 3AA3CFE116C248CC0043F058 /* BRBluetoothManagerTests.octest */;
			productType = "com.apple.product-type.bundle";
		};
/* End PBXNativeTarget section */

/* Begin PBXProject section */
		3AA3CFB016C248CB0043F058 /* Project object */ = {
			isa = PBXProject;
			attributes = {
				CLASSPREFIX = BR;
				LastUpgradeCheck = 0460;
				ORGANIZATIONNAME = "Ben Reed";
			};
			buildConfigurationList = 3AA3CFB316C248CB0043F058 /* Build configuration list for PBXProject "BRBluetoothManager" */;
			compatibilityVersion = "Xcode 3.2";
			developmentRegion = English;
			hasScannedForEncodings = 0;
			knownRegions = (
				en,
			);
			mainGroup = 3AA3CFAF16C248CB0043F058;
			productRefGroup = 3AA3CFB916C248CC0043F058 /* Products */;
			projectDirPath = "";
			projectRoot = "";
			targets = (
				3AA3CFB716C248CC0043F058 /* BRBluetoothManager */,
				3AA3CFE016C248CC0043F058 /* BRBluetoothManagerTests */,
			);
		};
/* End PBXProject section */

/* Begin PBXResourcesBuildPhase section */
		3AA3CFB616C248CC0043F058 /* Resources */ = {
			isa = PBXResourcesBuildPhase;
			buildActionMask = 2147483647;
			files = (
				3AA3CFC616C248CC0043F058 /* InfoPlist.strings in Resources */,
				3AA3CFCE16C248CC0043F058 /* Default.png in Resources */,
				3AA3CFD016C248CC0043F058 /* Default@2x.png in Resources */,
				3AA3CFD216C248CC0043F058 /* Default-568h@2x.png in Resources */,
				3AA3CFD516C248CC0043F058 /* MainStoryboard_iPhone.storyboard in Resources */,
			);
			runOnlyForDeploymentPostprocessing = 0;
		};
		3AA3CFDE16C248CC0043F058 /* Resources */ = {
			isa = PBXResourcesBuildPhase;
			buildActionMask = 2147483647;
			files = (
				3AA3CFED16C248CC0043F058 /* InfoPlist.strings in Resources */,
			);
			runOnlyForDeploymentPostprocessing = 0;
		};
/* End PBXResourcesBuildPhase section */

/* Begin PBXShellScriptBuildPhase section */
		3AA3CFDF16C248CC0043F058 /* ShellScript */ = {
			isa = PBXShellScriptBuildPhase;
			buildActionMask = 2147483647;
			files = (
			);
			inputPaths = (
			);
			outputPaths = (
			);
			runOnlyForDeploymentPostprocessing = 0;
			shellPath = /bin/sh;
			shellScript = "# Run the unit tests in this test bundle.\n\"${SYSTEM_DEVELOPER_DIR}/Tools/RunUnitTests\"\n";
		};
/* End PBXShellScriptBuildPhase section */

/* Begin PBXSourcesBuildPhase section */
		3AA3CFB416C248CC0043F058 /* Sources */ = {
			isa = PBXSourcesBuildPhase;
			buildActionMask = 2147483647;
			files = (
				3AA3CFC816C248CC0043F058 /* main.m in Sources */,
				3AA3CFCC16C248CC0043F058 /* BRAppDelegate.m in Sources */,
				3AA3CFDB16C248CC0043F058 /* BRViewController.m in Sources */,
				3AA3CFFB16C249000043F058 /* BRBluetoothManager.m in Sources */,
				3AA3D00016C3945C0043F058 /* BRDebugUtilities.m in Sources */,
			);
			runOnlyForDeploymentPostprocessing = 0;
		};
		3AA3CFDC16C248CC0043F058 /* Sources */ = {
			isa = PBXSourcesBuildPhase;
			buildActionMask = 2147483647;
			files = (
				3AA3CFF016C248CC0043F058 /* BRBluetoothManagerTests.m in Sources */,
			);
			runOnlyForDeploymentPostprocessing = 0;
		};
/* End PBXSourcesBuildPhase section */

/* Begin PBXTargetDependency section */
		3AA3CFE716C248CC0043F058 /* PBXTargetDependency */ = {
			isa = PBXTargetDependency;
			target = 3AA3CFB716C248CC0043F058 /* BRBluetoothManager */;
			targetProxy = 3AA3CFE616C248CC0043F058 /* PBXContainerItemProxy */;
		};
/* End PBXTargetDependency section */

/* Begin PBXVariantGroup section */
		3AA3CFC416C248CC0043F058 /* InfoPlist.strings */ = {
			isa = PBXVariantGroup;
			children = (
				3AA3CFC516C248CC0043F058 /* en */,
			);
			name = InfoPlist.strings;
			sourceTree = "<group>";
		};
		3AA3CFD316C248CC0043F058 /* MainStoryboard_iPhone.storyboard */ = {
			isa = PBXVariantGroup;
			children = (
				3AA3CFD416C248CC0043F058 /* en */,
			);
			name = MainStoryboard_iPhone.storyboard;
			sourceTree = "<group>";
		};
		3AA3CFEB16C248CC0043F058 /* InfoPlist.strings */ = {
			isa = PBXVariantGroup;
			children = (
				3AA3CFEC16C248CC0043F058 /* en */,
			);
			name = InfoPlist.strings;
			sourceTree = "<group>";
		};
/* End PBXVariantGroup section */

/* Begin XCBuildConfiguration section */
		3AA3CFF116C248CC0043F058 /* Debug */ = {
			isa = XCBuildConfiguration;
			buildSettings = {
				ALWAYS_SEARCH_USER_PATHS = NO;
				CLANG_CXX_LANGUAGE_STANDARD = "gnu++0x";
				CLANG_CXX_LIBRARY = "libc++";
				CLANG_ENABLE_OBJC_ARC = YES;
				CLANG_WARN_CONSTANT_CONVERSION = YES;
				CLANG_WARN_EMPTY_BODY = YES;
				CLANG_WARN_ENUM_CONVERSION = YES;
				CLANG_WARN_INT_CONVERSION = YES;
				CLANG_WARN__DUPLICATE_METHOD_MATCH = YES;
				"CODE_SIGN_IDENTITY[sdk=iphoneos*]" = "iPhone Developer";
				COPY_PHASE_STRIP = NO;
				GCC_C_LANGUAGE_STANDARD = gnu99;
				GCC_DYNAMIC_NO_PIC = NO;
				GCC_OPTIMIZATION_LEVEL = 0;
				GCC_PREPROCESSOR_DEFINITIONS = (
					"DEBUG=1",
					"$(inherited)",
				);
				GCC_SYMBOLS_PRIVATE_EXTERN = NO;
				GCC_WARN_ABOUT_RETURN_TYPE = YES;
				GCC_WARN_UNINITIALIZED_AUTOS = YES;
				GCC_WARN_UNUSED_VARIABLE = YES;
				IPHONEOS_DEPLOYMENT_TARGET = 6.1;
				ONLY_ACTIVE_ARCH = YES;
				SDKROOT = iphoneos;
				TARGETED_DEVICE_FAMILY = "1,2";
			};
			name = Debug;
		};
		3AA3CFF216C248CC0043F058 /* Release */ = {
			isa = XCBuildConfiguration;
			buildSettings = {
				ALWAYS_SEARCH_USER_PATHS = NO;
				CLANG_CXX_LANGUAGE_STANDARD = "gnu++0x";
				CLANG_CXX_LIBRARY = "libc++";
				CLANG_ENABLE_OBJC_ARC = YES;
				CLANG_WARN_CONSTANT_CONVERSION = YES;
				CLANG_WARN_EMPTY_BODY = YES;
				CLANG_WARN_ENUM_CONVERSION = YES;
				CLANG_WARN_INT_CONVERSION = YES;
				CLANG_WARN__DUPLICATE_METHOD_MATCH = YES;
				"CODE_SIGN_IDENTITY[sdk=iphoneos*]" = "iPhone Developer";
				COPY_PHASE_STRIP = YES;
				GCC_C_LANGUAGE_STANDARD = gnu99;
				GCC_WARN_ABOUT_RETURN_TYPE = YES;
				GCC_WARN_UNINITIALIZED_AUTOS = YES;
				GCC_WARN_UNUSED_VARIABLE = YES;
				IPHONEOS_DEPLOYMENT_TARGET = 6.1;
				OTHER_CFLAGS = "-DNS_BLOCK_ASSERTIONS=1";
				SDKROOT = iphoneos;
				TARGETED_DEVICE_FAMILY = "1,2";
				VALIDATE_PRODUCT = YES;
			};
			name = Release;
		};
		3AA3CFF416C248CC0043F058 /* Debug */ = {
			isa = XCBuildConfiguration;
			buildSettings = {
				GCC_PRECOMPILE_PREFIX_HEADER = YES;
				GCC_PREFIX_HEADER = "BRBluetoothManager/BRBluetoothManager-Prefix.pch";
				INFOPLIST_FILE = "BRBluetoothManager/BRBluetoothManager-Info.plist";
				PRODUCT_NAME = "$(TARGET_NAME)";
				WRAPPER_EXTENSION = app;
			};
			name = Debug;
		};
		3AA3CFF516C248CC0043F058 /* Release */ = {
			isa = XCBuildConfiguration;
			buildSettings = {
				GCC_PRECOMPILE_PREFIX_HEADER = YES;
				GCC_PREFIX_HEADER = "BRBluetoothManager/BRBluetoothManager-Prefix.pch";
				INFOPLIST_FILE = "BRBluetoothManager/BRBluetoothManager-Info.plist";
				PRODUCT_NAME = "$(TARGET_NAME)";
				WRAPPER_EXTENSION = app;
			};
			name = Release;
		};
		3AA3CFF716C248CC0043F058 /* Debug */ = {
			isa = XCBuildConfiguration;
			buildSettings = {
				BUNDLE_LOADER = "$(BUILT_PRODUCTS_DIR)/BRBluetoothManager.app/BRBluetoothManager";
				FRAMEWORK_SEARCH_PATHS = (
					"\"$(SDKROOT)/Developer/Library/Frameworks\"",
					"\"$(DEVELOPER_LIBRARY_DIR)/Frameworks\"",
				);
				GCC_PRECOMPILE_PREFIX_HEADER = YES;
				GCC_PREFIX_HEADER = "BRBluetoothManager/BRBluetoothManager-Prefix.pch";
				INFOPLIST_FILE = "BRBluetoothManagerTests/BRBluetoothManagerTests-Info.plist";
				PRODUCT_NAME = "$(TARGET_NAME)";
				TEST_HOST = "$(BUNDLE_LOADER)";
				WRAPPER_EXTENSION = octest;
			};
			name = Debug;
		};
		3AA3CFF816C248CC0043F058 /* Release */ = {
			isa = XCBuildConfiguration;
			buildSettings = {
				BUNDLE_LOADER = "$(BUILT_PRODUCTS_DIR)/BRBluetoothManager.app/BRBluetoothManager";
				FRAMEWORK_SEARCH_PATHS = (
					"\"$(SDKROOT)/Developer/Library/Frameworks\"",
					"\"$(DEVELOPER_LIBRARY_DIR)/Frameworks\"",
				);
				GCC_PRECOMPILE_PREFIX_HEADER = YES;
				GCC_PREFIX_HEADER = "BRBluetoothManager/BRBluetoothManager-Prefix.pch";
				INFOPLIST_FILE = "BRBluetoothManagerTests/BRBluetoothManagerTests-Info.plist";
				PRODUCT_NAME = "$(TARGET_NAME)";
				TEST_HOST = "$(BUNDLE_LOADER)";
				WRAPPER_EXTENSION = octest;
			};
			name = Release;
		};
/* End XCBuildConfiguration section */

/* Begin XCConfigurationList section */
		3AA3CFB316C248CB0043F058 /* Build configuration list for PBXProject "BRBluetoothManager" */ = {
			isa = XCConfigurationList;
			buildConfigurations = (
				3AA3CFF116C248CC0043F058 /* Debug */,
				3AA3CFF216C248CC0043F058 /* Release */,
			);
			defaultConfigurationIsVisible = 0;
			defaultConfigurationName = Release;
		};
		3AA3CFF316C248CC0043F058 /* Build configuration list for PBXNativeTarget "BRBluetoothManager" */ = {
			isa = XCConfigurationList;
			buildConfigurations = (
				3AA3CFF416C248CC0043F058 /* Debug */,
				3AA3CFF516C248CC0043F058 /* Release */,
			);
			defaultConfigurationIsVisible = 0;
			defaultConfigurationName = Release;
		};
		3AA3CFF616C248CC0043F058 /* Build configuration list for PBXNativeTarget "BRBluetoothManagerTests" */ = {
			isa = XCConfigurationList;
			buildConfigurations = (
				3AA3CFF716C248CC0043F058 /* Debug */,
				3AA3CFF816C248CC0043F058 /* Release */,
			);
			defaultConfigurationIsVisible = 0;
			defaultConfigurationName = Release;
		};
/* End XCConfigurationList section */
	};
	rootObject = 3AA3CFB016C248CB0043F058 /* Project object */;
}
